
Microsoft Visual Studio Solution File, Format Version 12.00
# Visual Studio Version 17
VisualStudioVersion = 17.7.34024.191
MinimumVisualStudioVersion = 10.0.40219.1
Project("{FAE04EC0-301F-11D3-BF4B-00C04F79EFBC}") = "AuthDemo.Web", "AuthDemo.Web\AuthDemo.Web.csproj", "{C54D9245-DAB3-402F-AB46-D592FA55F141}"
EndProject
Project("{FAE04EC0-301F-11D3-BF4B-00C04F79EFBC}") = "AuthDemo.Data", "AuthDemo.Data\AuthDemo.Data.csproj", "{A30DD91A-2E06-4A8D-A8FC-7F73B417DBE6}"
EndProject
Global
	GlobalSection(SolutionConfigurationPlatforms) = preSolution
		Debug|Any CPU = Debug|Any CPU
		Release|Any CPU = Release|Any CPU
	EndGlobalSection
	GlobalSection(ProjectConfigurationPlatforms) = postSolution
		{C54D9245-DAB3-402F-AB46-D592FA55F141}.Debug|Any CPU.ActiveCfg = Debug|Any CPU
		{C54D9245-DAB3-402F-AB46-D592FA55F141}.Debug|Any CPU.Build.0 = Debug|Any CPU
		{C54D9245-DAB3-402F-AB46-D592FA55F141}.Release|Any CPU.ActiveCfg = Release|Any CPU
		{C54D9245-DAB3-402F-AB46-D592FA55F141}.Release|Any CPU.Build.0 = Release|Any CPU
		{A30DD91A-2E06-4A8D-A8FC-7F73B417DBE6}.Debug|Any CPU.ActiveCfg = Debug|Any CPU
		{A30DD91A-2E06-4A8D-A8FC-7F73B417DBE6}.Debug|Any CPU.Build.0 = Debug|Any CPU
		{A30DD91A-2E06-4A8D-A8FC-7F73B417DBE6}.Release|Any CPU.ActiveCfg = Release|Any CPU
		{A30DD91A-2E06-4A8D-A8FC-7F73B417DBE6}.Release|Any CPU.Build.0 = Release|Any CPU
	EndGlobalSection
	GlobalSection(SolutionProperties) = preSolution
		HideSolutionNode = FALSE
	EndGlobalSection
	GlobalSection(ExtensibilityGlobals) = postSolution
		SolutionGuid = {657BAE70-AA15-42E3-BD8E-E7D345EA7782}
	EndGlobalSection
EndGlobal
